
Microsoft Visual Studio Solution File, Format Version 12.00
# Visual Studio Version 17
VisualStudioVersion = 17.14.36616.10 d17.14
MinimumVisualStudioVersion = 10.0.40219.1
Project("{FAE04EC0-301F-11D3-BF4B-00C04F79EFBC}") = "Tilausjarjestelma", "Tilausjarjestelma\Tilausjarjestelma.csproj", "{73E554EE-F357-4298-A8E6-C840101B90C4}"
EndProject
Global
	GlobalSection(SolutionConfigurationPlatforms) = preSolution
		Debug|Any CPU = Debug|Any CPU
		Release|Any CPU = Release|Any CPU
	EndGlobalSection
	GlobalSection(ProjectConfigurationPlatforms) = postSolution
		{73E554EE-F357-4298-A8E6-C840101B90C4}.Debug|Any CPU.ActiveCfg = Debug|Any CPU
		{73E554EE-F357-4298-A8E6-C840101B90C4}.Debug|Any CPU.Build.0 = Debug|Any CPU
		{73E554EE-F357-4298-A8E6-C840101B90C4}.Release|Any CPU.ActiveCfg = Release|Any CPU
		{73E554EE-F357-4298-A8E6-C840101B90C4}.Release|Any CPU.Build.0 = Release|Any CPU
	EndGlobalSection
	GlobalSection(SolutionProperties) = preSolution
		HideSolutionNode = FALSE
	EndGlobalSection
	GlobalSection(ExtensibilityGlobals) = postSolution
		SolutionGuid = {2490744B-B74B-44BA-A12D-EAE4AA7EBC65}
	EndGlobalSection
EndGlobal
